{
  "name": "Proyecto Final",
  "lockfileVersion": 3,
  "requires": true,
  "packages": {
    "": {
      "dependencies": {
        "bum": "^0.0.0"
      }
    },
    "node_modules/bum": {
      "version": "0.0.0",
      "resolved": "https://registry.npmjs.org/bum/-/bum-0.0.0.tgz",
      "integrity": "sha512-qNM8FDLKeRtwS1wG1avfrzBxZ42L+NYA6wjgNJ0omHk0+gvBkOO4L3tBvHGsHfUKDhGDaoTp+/Dz0Md87nIblw=="
    }
  }
}
